// !$*UTF8*$!
{
	archiveVersion = 1;
	classes = {
	};
	objectVersion = 46;
	objects = {

/* Begin PBXBuildFile section */
		646CD2191D5B4FC300EE8358 /* AppDelegate.swift in Sources */ = {isa = PBXBuildFile; fileRef = 646CD2181D5B4FC300EE8358 /* AppDelegate.swift */; };
		646CD2201D5B4FC400EE8358 /* Assets.xcassets in Resources */ = {isa = PBXBuildFile; fileRef = 646CD21F1D5B4FC400EE8358 /* Assets.xcassets */; };
		646CD2231D5B4FC400EE8358 /* LaunchScreen.storyboard in Resources */ = {isa = PBXBuildFile; fileRef = 646CD2211D5B4FC400EE8358 /* LaunchScreen.storyboard */; };
		646F6D241D5EB09400A286EC /* UIBarButtonItem-Extension.swift in Sources */ = {isa = PBXBuildFile; fileRef = 646F6D221D5EB09400A286EC /* UIBarButtonItem-Extension.swift */; };
		646F6D251D5EB09400A286EC /* UIView-Extension.swift in Sources */ = {isa = PBXBuildFile; fileRef = 646F6D231D5EB09400A286EC /* UIView-Extension.swift */; };
		646F6D291D5EB19900A286EC /* UIButton-Extension.swift in Sources */ = {isa = PBXBuildFile; fileRef = 646F6D281D5EB19900A286EC /* UIButton-Extension.swift */; };
		646F6D2B1D5EBB7F00A286EC /* TitleButton.swift in Sources */ = {isa = PBXBuildFile; fileRef = 646F6D2A1D5EBB7F00A286EC /* TitleButton.swift */; };
		646F6D331D5F0FA800A286EC /* PoperViewController.swift in Sources */ = {isa = PBXBuildFile; fileRef = 646F6D311D5F0FA800A286EC /* PoperViewController.swift */; };
		646F6D341D5F0FA800A286EC /* PoperViewController.xib in Resources */ = {isa = PBXBuildFile; fileRef = 646F6D321D5F0FA800A286EC /* PoperViewController.xib */; };
		646F6D361D5F1C1A00A286EC /* PoperTransitionManager.swift in Sources */ = {isa = PBXBuildFile; fileRef = 646F6D351D5F1C1A00A286EC /* PoperTransitionManager.swift */; };
		646F6D381D5F207400A286EC /* CHBPresentationController.swift in Sources */ = {isa = PBXBuildFile; fileRef = 646F6D371D5F207400A286EC /* CHBPresentationController.swift */; };
		6488A86C1D5D647A00C21426 /* DiscoverViewController.swift in Sources */ = {isa = PBXBuildFile; fileRef = 6488A85B1D5D647A00C21426 /* DiscoverViewController.swift */; };
		6488A86D1D5D647A00C21426 /* Discovery.storyboard in Resources */ = {isa = PBXBuildFile; fileRef = 6488A85C1D5D647A00C21426 /* Discovery.storyboard */; };
		6488A86E1D5D647A00C21426 /* Home.storyboard in Resources */ = {isa = PBXBuildFile; fileRef = 6488A85E1D5D647A00C21426 /* Home.storyboard */; };
		6488A86F1D5D647A00C21426 /* HomeViewController.swift in Sources */ = {isa = PBXBuildFile; fileRef = 6488A85F1D5D647A00C21426 /* HomeViewController.swift */; };
		6488A8701D5D647A00C21426 /* Main.storyboard in Resources */ = {isa = PBXBuildFile; fileRef = 6488A8611D5D647A00C21426 /* Main.storyboard */; };
		6488A8711D5D647A00C21426 /* MainViewController.swift in Sources */ = {isa = PBXBuildFile; fileRef = 6488A8621D5D647A00C21426 /* MainViewController.swift */; };
		6488A8721D5D647A00C21426 /* Message.storyboard in Resources */ = {isa = PBXBuildFile; fileRef = 6488A8641D5D647A00C21426 /* Message.storyboard */; };
		6488A8731D5D647A00C21426 /* MessageViewController.swift in Sources */ = {isa = PBXBuildFile; fileRef = 6488A8651D5D647A00C21426 /* MessageViewController.swift */; };
		6488A8741D5D647A00C21426 /* Profile.storyboard in Resources */ = {isa = PBXBuildFile; fileRef = 6488A8671D5D647A00C21426 /* Profile.storyboard */; };
		6488A8751D5D647A00C21426 /* ProfileViewController.swift in Sources */ = {isa = PBXBuildFile; fileRef = 6488A8681D5D647A00C21426 /* ProfileViewController.swift */; };
		6488A8761D5D647A00C21426 /* Publish.storyboard in Resources */ = {isa = PBXBuildFile; fileRef = 6488A86A1D5D647A00C21426 /* Publish.storyboard */; };
		6488A8771D5D647A00C21426 /* PublishViewController.swift in Sources */ = {isa = PBXBuildFile; fileRef = 6488A86B1D5D647A00C21426 /* PublishViewController.swift */; };
		6488A8821D5D734400C21426 /* BaseViewController.swift in Sources */ = {isa = PBXBuildFile; fileRef = 6488A8801D5D734400C21426 /* BaseViewController.swift */; };
		6488A8891D5D761A00C21426 /* VisitorView.swift in Sources */ = {isa = PBXBuildFile; fileRef = 6488A8881D5D761A00C21426 /* VisitorView.swift */; };
		6488A88B1D5D762600C21426 /* VisitorView.xib in Resources */ = {isa = PBXBuildFile; fileRef = 6488A88A1D5D762600C21426 /* VisitorView.xib */; };
		C1D2F2B513C2615CCF829E1C /* Pods_WeiBo.framework in Frameworks */ = {isa = PBXBuildFile; fileRef = C707F7E65CD4BD693DD2FF00 /* Pods_WeiBo.framework */; };
/* End PBXBuildFile section */

/* Begin PBXFileReference section */
		646CD2151D5B4FC300EE8358 /* WeiBo.app */ = {isa = PBXFileReference; explicitFileType = wrapper.application; includeInIndex = 0; path = WeiBo.app; sourceTree = BUILT_PRODUCTS_DIR; };
		646CD2181D5B4FC300EE8358 /* AppDelegate.swift */ = {isa = PBXFileReference; lastKnownFileType = sourcecode.swift; path = AppDelegate.swift; sourceTree = "<group>"; };
		646CD21F1D5B4FC400EE8358 /* Assets.xcassets */ = {isa = PBXFileReference; lastKnownFileType = folder.assetcatalog; path = Assets.xcassets; sourceTree = "<group>"; };
		646CD2221D5B4FC400EE8358 /* Base */ = {isa = PBXFileReference; lastKnownFileType = file.storyboard; name = Base; path = Base.lproj/LaunchScreen.storyboard; sourceTree = "<group>"; };
		646CD2241D5B4FC400EE8358 /* Info.plist */ = {isa = PBXFileReference; lastKnownFileType = text.plist.xml; path = Info.plist; sourceTree = "<group>"; };
		646F6D221D5EB09400A286EC /* UIBarButtonItem-Extension.swift */ = {isa = PBXFileReference; fileEncoding = 4; lastKnownFileType = sourcecode.swift; path = "UIBarButtonItem-Extension.swift"; sourceTree = "<group>"; };
		646F6D231D5EB09400A286EC /* UIView-Extension.swift */ = {isa = PBXFileReference; fileEncoding = 4; lastKnownFileType = sourcecode.swift; path = "UIView-Extension.swift"; sourceTree = "<group>"; };
		646F6D281D5EB19900A286EC /* UIButton-Extension.swift */ = {isa = PBXFileReference; fileEncoding = 4; lastKnownFileType = sourcecode.swift; path = "UIButton-Extension.swift"; sourceTree = "<group>"; };
		646F6D2A1D5EBB7F00A286EC /* TitleButton.swift */ = {isa = PBXFileReference; fileEncoding = 4; lastKnownFileType = sourcecode.swift; path = TitleButton.swift; sourceTree = "<group>"; };
		646F6D311D5F0FA800A286EC /* PoperViewController.swift */ = {isa = PBXFileReference; fileEncoding = 4; lastKnownFileType = sourcecode.swift; path = PoperViewController.swift; sourceTree = "<group>"; };
		646F6D321D5F0FA800A286EC /* PoperViewController.xib */ = {isa = PBXFileReference; fileEncoding = 4; lastKnownFileType = file.xib; path = PoperViewController.xib; sourceTree = "<group>"; };
		646F6D351D5F1C1A00A286EC /* PoperTransitionManager.swift */ = {isa = PBXFileReference; fileEncoding = 4; lastKnownFileType = sourcecode.swift; path = PoperTransitionManager.swift; sourceTree = "<group>"; };
		646F6D371D5F207400A286EC /* CHBPresentationController.swift */ = {isa = PBXFileReference; fileEncoding = 4; lastKnownFileType = sourcecode.swift; path = CHBPresentationController.swift; sourceTree = "<group>"; };
		6488A85B1D5D647A00C21426 /* DiscoverViewController.swift */ = {isa = PBXFileReference; fileEncoding = 4; lastKnownFileType = sourcecode.swift; path = DiscoverViewController.swift; sourceTree = "<group>"; };
		6488A85C1D5D647A00C21426 /* Discovery.storyboard */ = {isa = PBXFileReference; fileEncoding = 4; lastKnownFileType = file.storyboard; path = Discovery.storyboard; sourceTree = "<group>"; };
		6488A85E1D5D647A00C21426 /* Home.storyboard */ = {isa = PBXFileReference; fileEncoding = 4; lastKnownFileType = file.storyboard; path = Home.storyboard; sourceTree = "<group>"; };
		6488A85F1D5D647A00C21426 /* HomeViewController.swift */ = {isa = PBXFileReference; fileEncoding = 4; lastKnownFileType = sourcecode.swift; path = HomeViewController.swift; sourceTree = "<group>"; };
		6488A8611D5D647A00C21426 /* Main.storyboard */ = {isa = PBXFileReference; fileEncoding = 4; lastKnownFileType = file.storyboard; path = Main.storyboard; sourceTree = "<group>"; };
		6488A8621D5D647A00C21426 /* MainViewController.swift */ = {isa = PBXFileReference; fileEncoding = 4; lastKnownFileType = sourcecode.swift; path = MainViewController.swift; sourceTree = "<group>"; };
		6488A8641D5D647A00C21426 /* Message.storyboard */ = {isa = PBXFileReference; fileEncoding = 4; lastKnownFileType = file.storyboard; path = Message.storyboard; sourceTree = "<group>"; };
		6488A8651D5D647A00C21426 /* MessageViewController.swift */ = {isa = PBXFileReference; fileEncoding = 4; lastKnownFileType = sourcecode.swift; path = MessageViewController.swift; sourceTree = "<group>"; };
		6488A8671D5D647A00C21426 /* Profile.storyboard */ = {isa = PBXFileReference; fileEncoding = 4; lastKnownFileType = file.storyboard; path = Profile.storyboard; sourceTree = "<group>"; };
		6488A8681D5D647A00C21426 /* ProfileViewController.swift */ = {isa = PBXFileReference; fileEncoding = 4; lastKnownFileType = sourcecode.swift; path = ProfileViewController.swift; sourceTree = "<group>"; };
		6488A86A1D5D647A00C21426 /* Publish.storyboard */ = {isa = PBXFileReference; fileEncoding = 4; lastKnownFileType = file.storyboard; path = Publish.storyboard; sourceTree = "<group>"; };
		6488A86B1D5D647A00C21426 /* PublishViewController.swift */ = {isa = PBXFileReference; fileEncoding = 4; lastKnownFileType = sourcecode.swift; path = PublishViewController.swift; sourceTree = "<group>"; };
		6488A8801D5D734400C21426 /* BaseViewController.swift */ = {isa = PBXFileReference; fileEncoding = 4; lastKnownFileType = sourcecode.swift; path = BaseViewController.swift; sourceTree = "<group>"; };
		6488A8881D5D761A00C21426 /* VisitorView.swift */ = {isa = PBXFileReference; fileEncoding = 4; lastKnownFileType = sourcecode.swift; path = VisitorView.swift; sourceTree = "<group>"; };
		6488A88A1D5D762600C21426 /* VisitorView.xib */ = {isa = PBXFileReference; fileEncoding = 4; lastKnownFileType = file.xib; path = VisitorView.xib; sourceTree = "<group>"; };
		C707F7E65CD4BD693DD2FF00 /* Pods_WeiBo.framework */ = {isa = PBXFileReference; explicitFileType = wrapper.framework; includeInIndex = 0; path = Pods_WeiBo.framework; sourceTree = BUILT_PRODUCTS_DIR; };
		CEF588F21102A30695EFDC16 /* Pods-WeiBo.release.xcconfig */ = {isa = PBXFileReference; includeInIndex = 1; lastKnownFileType = text.xcconfig; name = "Pods-WeiBo.release.xcconfig"; path = "Pods/Target Support Files/Pods-WeiBo/Pods-WeiBo.release.xcconfig"; sourceTree = "<group>"; };
		FCDB6265BFB6B7C6CF88973C /* Pods-WeiBo.debug.xcconfig */ = {isa = PBXFileReference; includeInIndex = 1; lastKnownFileType = text.xcconfig; name = "Pods-WeiBo.debug.xcconfig"; path = "Pods/Target Support Files/Pods-WeiBo/Pods-WeiBo.debug.xcconfig"; sourceTree = "<group>"; };
/* End PBXFileReference section */

/* Begin PBXFrameworksBuildPhase section */
		646CD2121D5B4FC300EE8358 /* Frameworks */ = {
			isa = PBXFrameworksBuildPhase;
			buildActionMask = 2147483647;
			files = (
				C1D2F2B513C2615CCF829E1C /* Pods_WeiBo.framework in Frameworks */,
			);
			runOnlyForDeploymentPostprocessing = 0;
		};
/* End PBXFrameworksBuildPhase section */

/* Begin PBXGroup section */
		646CD20C1D5B4FC300EE8358 = {
			isa = PBXGroup;
			children = (
				646CD2171D5B4FC300EE8358 /* WeiBo */,
				646CD2161D5B4FC300EE8358 /* Products */,
				E99454D5B8270A87E307C0D7 /* Pods */,
				F3E88882D0BC7FDADF14EE7E /* Frameworks */,
			);
			sourceTree = "<group>";
		};
		646CD2161D5B4FC300EE8358 /* Products */ = {
			isa = PBXGroup;
			children = (
				646CD2151D5B4FC300EE8358 /* WeiBo.app */,
			);
			name = Products;
			sourceTree = "<group>";
		};
		646CD2171D5B4FC300EE8358 /* WeiBo */ = {
			isa = PBXGroup;
			children = (
				646CD2181D5B4FC300EE8358 /* AppDelegate.swift */,
				6488A8591D5D647A00C21426 /* Classes */,
				646CD21F1D5B4FC400EE8358 /* Assets.xcassets */,
				646CD2211D5B4FC400EE8358 /* LaunchScreen.storyboard */,
				646CD2241D5B4FC400EE8358 /* Info.plist */,
			);
			path = WeiBo;
			sourceTree = "<group>";
		};
		646F6D211D5EB09400A286EC /* category */ = {
			isa = PBXGroup;
			children = (
				646F6D221D5EB09400A286EC /* UIBarButtonItem-Extension.swift */,
				646F6D231D5EB09400A286EC /* UIView-Extension.swift */,
				646F6D281D5EB19900A286EC /* UIButton-Extension.swift */,
			);
			path = category;
			sourceTree = "<group>";
		};
		646F6D2C1D5F0E7A00A286EC /* PoperView */ = {
			isa = PBXGroup;
			children = (
				646F6D311D5F0FA800A286EC /* PoperViewController.swift */,
				646F6D321D5F0FA800A286EC /* PoperViewController.xib */,
				646F6D351D5F1C1A00A286EC /* PoperTransitionManager.swift */,
				646F6D371D5F207400A286EC /* CHBPresentationController.swift */,
			);
			path = PoperView;
			sourceTree = "<group>";
		};
		6488A8591D5D647A00C21426 /* Classes */ = {
			isa = PBXGroup;
			children = (
				6488A8601D5D647A00C21426 /* Main(主要) */,
				6488A85D1D5D647A00C21426 /* Home(首页) */,
				6488A8631D5D647A00C21426 /* Message(消息) */,
				6488A8691D5D647A00C21426 /* Publish(发布) */,
				6488A85A1D5D647A00C21426 /* Discover(发现) */,
				6488A8661D5D647A00C21426 /* Profile(我) */,
				6488A8781D5D64B900C21426 /* Tools(工具) */,
			);
			path = Classes;
			sourceTree = "<group>";
		};
		6488A85A1D5D647A00C21426 /* Discover(发现) */ = {
			isa = PBXGroup;
			children = (
				6488A85B1D5D647A00C21426 /* DiscoverViewController.swift */,
				6488A85C1D5D647A00C21426 /* Discovery.storyboard */,
			);
			path = "Discover(发现)";
			sourceTree = "<group>";
		};
		6488A85D1D5D647A00C21426 /* Home(首页) */ = {
			isa = PBXGroup;
			children = (
				646F6D2C1D5F0E7A00A286EC /* PoperView */,
				6488A85F1D5D647A00C21426 /* HomeViewController.swift */,
				6488A85E1D5D647A00C21426 /* Home.storyboard */,
			);
			path = "Home(首页)";
			sourceTree = "<group>";
		};
		6488A8601D5D647A00C21426 /* Main(主要) */ = {
			isa = PBXGroup;
			children = (
				6488A87F1D5D734400C21426 /* Vistor(游客) */,
				6488A8611D5D647A00C21426 /* Main.storyboard */,
				6488A8621D5D647A00C21426 /* MainViewController.swift */,
			);
			path = "Main(主要)";
			sourceTree = "<group>";
		};
		6488A8631D5D647A00C21426 /* Message(消息) */ = {
			isa = PBXGroup;
			children = (
				6488A8641D5D647A00C21426 /* Message.storyboard */,
				6488A8651D5D647A00C21426 /* MessageViewController.swift */,
			);
			path = "Message(消息)";
			sourceTree = "<group>";
		};
		6488A8661D5D647A00C21426 /* Profile(我) */ = {
			isa = PBXGroup;
			children = (
				6488A8671D5D647A00C21426 /* Profile.storyboard */,
				6488A8681D5D647A00C21426 /* ProfileViewController.swift */,
			);
			path = "Profile(我)";
			sourceTree = "<group>";
		};
		6488A8691D5D647A00C21426 /* Publish(发布) */ = {
			isa = PBXGroup;
			children = (
				6488A86A1D5D647A00C21426 /* Publish.storyboard */,
				6488A86B1D5D647A00C21426 /* PublishViewController.swift */,
			);
			path = "Publish(发布)";
			sourceTree = "<group>";
		};
		6488A8781D5D64B900C21426 /* Tools(工具) */ = {
			isa = PBXGroup;
			children = (
				646F6D211D5EB09400A286EC /* category */,
				646F6D2A1D5EBB7F00A286EC /* TitleButton.swift */,
			);
			path = "Tools(工具)";
			sourceTree = "<group>";
		};
		6488A87F1D5D734400C21426 /* Vistor(游客) */ = {
			isa = PBXGroup;
			children = (
				6488A8801D5D734400C21426 /* BaseViewController.swift */,
				6488A8881D5D761A00C21426 /* VisitorView.swift */,
				6488A88A1D5D762600C21426 /* VisitorView.xib */,
			);
			path = "Vistor(游客)";
			sourceTree = "<group>";
		};
		E99454D5B8270A87E307C0D7 /* Pods */ = {
			isa = PBXGroup;
			children = (
				FCDB6265BFB6B7C6CF88973C /* Pods-WeiBo.debug.xcconfig */,
				CEF588F21102A30695EFDC16 /* Pods-WeiBo.release.xcconfig */,
			);
			name = Pods;
			sourceTree = "<group>";
		};
		F3E88882D0BC7FDADF14EE7E /* Frameworks */ = {
			isa = PBXGroup;
			children = (
				C707F7E65CD4BD693DD2FF00 /* Pods_WeiBo.framework */,
			);
			name = Frameworks;
			sourceTree = "<group>";
		};
/* End PBXGroup section */

/* Begin PBXNativeTarget section */
		646CD2141D5B4FC300EE8358 /* WeiBo */ = {
			isa = PBXNativeTarget;
			buildConfigurationList = 646CD2271D5B4FC400EE8358 /* Build configuration list for PBXNativeTarget "WeiBo" */;
			buildPhases = (
				C905B775505CD5E559CA26E0 /* [CP] Check Pods Manifest.lock */,
				646CD2111D5B4FC300EE8358 /* Sources */,
				646CD2121D5B4FC300EE8358 /* Frameworks */,
				646CD2131D5B4FC300EE8358 /* Resources */,
				391952FF4C5CB4CC5048EE98 /* [CP] Embed Pods Frameworks */,
				EC29D9713214925FFE26896A /* [CP] Copy Pods Resources */,
			);
			buildRules = (
			);
			dependencies = (
			);
			name = WeiBo;
			productName = WeiBo;
			productReference = 646CD2151D5B4FC300EE8358 /* WeiBo.app */;
			productType = "com.apple.product-type.application";
		};
/* End PBXNativeTarget section */

/* Begin PBXProject section */
		646CD20D1D5B4FC300EE8358 /* Project object */ = {
			isa = PBXProject;
			attributes = {
				LastSwiftUpdateCheck = 0730;
				LastUpgradeCheck = 0730;
				ORGANIZATIONNAME = "爱博看";
				TargetAttributes = {
					646CD2141D5B4FC300EE8358 = {
						CreatedOnToolsVersion = 7.3.1;
					};
				};
			};
			buildConfigurationList = 646CD2101D5B4FC300EE8358 /* Build configuration list for PBXProject "WeiBo" */;
			compatibilityVersion = "Xcode 3.2";
			developmentRegion = English;
			hasScannedForEncodings = 0;
			knownRegions = (
				en,
				Base,
			);
			mainGroup = 646CD20C1D5B4FC300EE8358;
			productRefGroup = 646CD2161D5B4FC300EE8358 /* Products */;
			projectDirPath = "";
			projectRoot = "";
			targets = (
				646CD2141D5B4FC300EE8358 /* WeiBo */,
			);
		};
/* End PBXProject section */

/* Begin PBXResourcesBuildPhase section */
		646CD2131D5B4FC300EE8358 /* Resources */ = {
			isa = PBXResourcesBuildPhase;
			buildActionMask = 2147483647;
			files = (
				6488A8761D5D647A00C21426 /* Publish.storyboard in Resources */,
				646CD2231D5B4FC400EE8358 /* LaunchScreen.storyboard in Resources */,
				6488A8701D5D647A00C21426 /* Main.storyboard in Resources */,
				646CD2201D5B4FC400EE8358 /* Assets.xcassets in Resources */,
				6488A86D1D5D647A00C21426 /* Discovery.storyboard in Resources */,
				6488A8721D5D647A00C21426 /* Message.storyboard in Resources */,
				6488A8741D5D647A00C21426 /* Profile.storyboard in Resources */,
				6488A86E1D5D647A00C21426 /* Home.storyboard in Resources */,
				6488A88B1D5D762600C21426 /* VisitorView.xib in Resources */,
				646F6D341D5F0FA800A286EC /* PoperViewController.xib in Resources */,
			);
			runOnlyForDeploymentPostprocessing = 0;
		};
/* End PBXResourcesBuildPhase section */

/* Begin PBXShellScriptBuildPhase section */
		391952FF4C5CB4CC5048EE98 /* [CP] Embed Pods Frameworks */ = {
			isa = PBXShellScriptBuildPhase;
			buildActionMask = 2147483647;
			files = (
			);
			inputPaths = (
			);
			name = "[CP] Embed Pods Frameworks";
			outputPaths = (
			);
			runOnlyForDeploymentPostprocessing = 0;
			shellPath = /bin/sh;
			shellScript = "\"${SRCROOT}/Pods/Target Support Files/Pods-WeiBo/Pods-WeiBo-frameworks.sh\"\n";
			showEnvVarsInLog = 0;
		};
		C905B775505CD5E559CA26E0 /* [CP] Check Pods Manifest.lock */ = {
			isa = PBXShellScriptBuildPhase;
			buildActionMask = 2147483647;
			files = (
			);
			inputPaths = (
			);
			name = "[CP] Check Pods Manifest.lock";
			outputPaths = (
			);
			runOnlyForDeploymentPostprocessing = 0;
			shellPath = /bin/sh;
			shellScript = "diff \"${PODS_ROOT}/../Podfile.lock\" \"${PODS_ROOT}/Manifest.lock\" > /dev/null\nif [[ $? != 0 ]] ; then\n    cat << EOM\nerror: The sandbox is not in sync with the Podfile.lock. Run 'pod install' or update your CocoaPods installation.\nEOM\n    exit 1\nfi\n";
			showEnvVarsInLog = 0;
		};
		EC29D9713214925FFE26896A /* [CP] Copy Pods Resources */ = {
			isa = PBXShellScriptBuildPhase;
			buildActionMask = 2147483647;
			files = (
			);
			inputPaths = (
			);
			name = "[CP] Copy Pods Resources";
			outputPaths = (
			);
			runOnlyForDeploymentPostprocessing = 0;
			shellPath = /bin/sh;
			shellScript = "\"${SRCROOT}/Pods/Target Support Files/Pods-WeiBo/Pods-WeiBo-resources.sh\"\n";
			showEnvVarsInLog = 0;
		};
/* End PBXShellScriptBuildPhase section */

/* Begin PBXSourcesBuildPhase section */
		646CD2111D5B4FC300EE8358 /* Sources */ = {
			isa = PBXSourcesBuildPhase;
			buildActionMask = 2147483647;
			files = (
				6488A8751D5D647A00C21426 /* ProfileViewController.swift in Sources */,
				646F6D251D5EB09400A286EC /* UIView-Extension.swift in Sources */,
				646CD2191D5B4FC300EE8358 /* AppDelegate.swift in Sources */,
				646F6D241D5EB09400A286EC /* UIBarButtonItem-Extension.swift in Sources */,
				6488A8821D5D734400C21426 /* BaseViewController.swift in Sources */,
				646F6D361D5F1C1A00A286EC /* PoperTransitionManager.swift in Sources */,
				6488A86C1D5D647A00C21426 /* DiscoverViewController.swift in Sources */,
				646F6D381D5F207400A286EC /* CHBPresentationController.swift in Sources */,
				6488A86F1D5D647A00C21426 /* HomeViewController.swift in Sources */,
				646F6D331D5F0FA800A286EC /* PoperViewController.swift in Sources */,
				646F6D291D5EB19900A286EC /* UIButton-Extension.swift in Sources */,
				6488A8711D5D647A00C21426 /* MainViewController.swift in Sources */,
				6488A8891D5D761A00C21426 /* VisitorView.swift in Sources */,
				6488A8771D5D647A00C21426 /* PublishViewController.swift in Sources */,
				646F6D2B1D5EBB7F00A286EC /* TitleButton.swift in Sources */,
				6488A8731D5D647A00C21426 /* MessageViewController.swift in Sources */,
			);
			runOnlyForDeploymentPostprocessing = 0;
		};
/* End PBXSourcesBuildPhase section */

/* Begin PBXVariantGroup section */
		646CD2211D5B4FC400EE8358 /* LaunchScreen.storyboard */ = {
			isa = PBXVariantGroup;
			children = (
				646CD2221D5B4FC400EE8358 /* Base */,
			);
			name = LaunchScreen.storyboard;
			sourceTree = "<group>";
		};
/* End PBXVariantGroup section */

/* Begin XCBuildConfiguration section */
		646CD2251D5B4FC400EE8358 /* Debug */ = {
			isa = XCBuildConfiguration;
			buildSettings = {
				ALWAYS_SEARCH_USER_PATHS = NO;
				CLANG_ANALYZER_NONNULL = YES;
				CLANG_CXX_LANGUAGE_STANDARD = "gnu++0x";
				CLANG_CXX_LIBRARY = "libc++";
				CLANG_ENABLE_MODULES = YES;
				CLANG_ENABLE_OBJC_ARC = YES;
				CLANG_WARN_BOOL_CONVERSION = YES;
				CLANG_WARN_CONSTANT_CONVERSION = YES;
				CLANG_WARN_DIRECT_OBJC_ISA_USAGE = YES_ERROR;
				CLANG_WARN_EMPTY_BODY = YES;
				CLANG_WARN_ENUM_CONVERSION = YES;
				CLANG_WARN_INT_CONVERSION = YES;
				CLANG_WARN_OBJC_ROOT_CLASS = YES_ERROR;
				CLANG_WARN_UNREACHABLE_CODE = YES;
				CLANG_WARN__DUPLICATE_METHOD_MATCH = YES;
				"CODE_SIGN_IDENTITY[sdk=iphoneos*]" = "iPhone Developer";
				COPY_PHASE_STRIP = NO;
				DEBUG_INFORMATION_FORMAT = dwarf;
				ENABLE_STRICT_OBJC_MSGSEND = YES;
				ENABLE_TESTABILITY = YES;
				GCC_C_LANGUAGE_STANDARD = gnu99;
				GCC_DYNAMIC_NO_PIC = NO;
				GCC_NO_COMMON_BLOCKS = YES;
				GCC_OPTIMIZATION_LEVEL = 0;
				GCC_PREPROCESSOR_DEFINITIONS = (
					"DEBUG=1",
					"$(inherited)",
				);
				GCC_WARN_64_TO_32_BIT_CONVERSION = YES;
				GCC_WARN_ABOUT_RETURN_TYPE = YES_ERROR;
				GCC_WARN_UNDECLARED_SELECTOR = YES;
				GCC_WARN_UNINITIALIZED_AUTOS = YES_AGGRESSIVE;
				GCC_WARN_UNUSED_FUNCTION = YES;
				GCC_WARN_UNUSED_VARIABLE = YES;
				IPHONEOS_DEPLOYMENT_TARGET = 9.3;
				MTL_ENABLE_DEBUG_INFO = YES;
				ONLY_ACTIVE_ARCH = YES;
				SDKROOT = iphoneos;
				SWIFT_OPTIMIZATION_LEVEL = "-Onone";
			};
			name = Debug;
		};
		646CD2261D5B4FC400EE8358 /* Release */ = {
			isa = XCBuildConfiguration;
			buildSettings = {
				ALWAYS_SEARCH_USER_PATHS = NO;
				CLANG_ANALYZER_NONNULL = YES;
				CLANG_CXX_LANGUAGE_STANDARD = "gnu++0x";
				CLANG_CXX_LIBRARY = "libc++";
				CLANG_ENABLE_MODULES = YES;
				CLANG_ENABLE_OBJC_ARC = YES;
				CLANG_WARN_BOOL_CONVERSION = YES;
				CLANG_WARN_CONSTANT_CONVERSION = YES;
				CLANG_WARN_DIRECT_OBJC_ISA_USAGE = YES_ERROR;
				CLANG_WARN_EMPTY_BODY = YES;
				CLANG_WARN_ENUM_CONVERSION = YES;
				CLANG_WARN_INT_CONVERSION = YES;
				CLANG_WARN_OBJC_ROOT_CLASS = YES_ERROR;
				CLANG_WARN_UNREACHABLE_CODE = YES;
				CLANG_WARN__DUPLICATE_METHOD_MATCH = YES;
				"CODE_SIGN_IDENTITY[sdk=iphoneos*]" = "iPhone Developer";
				COPY_PHASE_STRIP = NO;
				DEBUG_INFORMATION_FORMAT = "dwarf-with-dsym";
				ENABLE_NS_ASSERTIONS = NO;
				ENABLE_STRICT_OBJC_MSGSEND = YES;
				GCC_C_LANGUAGE_STANDARD = gnu99;
				GCC_NO_COMMON_BLOCKS = YES;
				GCC_WARN_64_TO_32_BIT_CONVERSION = YES;
				GCC_WARN_ABOUT_RETURN_TYPE = YES_ERROR;
				GCC_WARN_UNDECLARED_SELECTOR = YES;
				GCC_WARN_UNINITIALIZED_AUTOS = YES_AGGRESSIVE;
				GCC_WARN_UNUSED_FUNCTION = YES;
				GCC_WARN_UNUSED_VARIABLE = YES;
				IPHONEOS_DEPLOYMENT_TARGET = 9.3;
				MTL_ENABLE_DEBUG_INFO = NO;
				SDKROOT = iphoneos;
				VALIDATE_PRODUCT = YES;
			};
			name = Release;
		};
		646CD2281D5B4FC400EE8358 /* Debug */ = {
			isa = XCBuildConfiguration;
			baseConfigurationReference = FCDB6265BFB6B7C6CF88973C /* Pods-WeiBo.debug.xcconfig */;
			buildSettings = {
				ASSETCATALOG_COMPILER_APPICON_NAME = AppIcon;
				ASSETCATALOG_COMPILER_LAUNCHIMAGE_NAME = "Brand Assets";
				INFOPLIST_FILE = WeiBo/Info.plist;
				IPHONEOS_DEPLOYMENT_TARGET = 9.0;
				LD_RUNPATH_SEARCH_PATHS = "$(inherited) @executable_path/Frameworks";
				PRODUCT_BUNDLE_IDENTIFIER = com.IBokanWisdom.WeiBo;
				PRODUCT_NAME = "$(TARGET_NAME)";
			};
			name = Debug;
		};
		646CD2291D5B4FC400EE8358 /* Release */ = {
			isa = XCBuildConfiguration;
			baseConfigurationReference = CEF588F21102A30695EFDC16 /* Pods-WeiBo.release.xcconfig */;
			buildSettings = {
				ASSETCATALOG_COMPILER_APPICON_NAME = AppIcon;
				ASSETCATALOG_COMPILER_LAUNCHIMAGE_NAME = "Brand Assets";
				INFOPLIST_FILE = WeiBo/Info.plist;
				IPHONEOS_DEPLOYMENT_TARGET = 9.0;
				LD_RUNPATH_SEARCH_PATHS = "$(inherited) @executable_path/Frameworks";
				PRODUCT_BUNDLE_IDENTIFIER = com.IBokanWisdom.WeiBo;
				PRODUCT_NAME = "$(TARGET_NAME)";
			};
			name = Release;
		};
/* End XCBuildConfiguration section */

/* Begin XCConfigurationList section */
		646CD2101D5B4FC300EE8358 /* Build configuration list for PBXProject "WeiBo" */ = {
			isa = XCConfigurationList;
			buildConfigurations = (
				646CD2251D5B4FC400EE8358 /* Debug */,
				646CD2261D5B4FC400EE8358 /* Release */,
			);
			defaultConfigurationIsVisible = 0;
			defaultConfigurationName = Release;
		};
		646CD2271D5B4FC400EE8358 /* Build configuration list for PBXNativeTarget "WeiBo" */ = {
			isa = XCConfigurationList;
			buildConfigurations = (
				646CD2281D5B4FC400EE8358 /* Debug */,
				646CD2291D5B4FC400EE8358 /* Release */,
			);
			defaultConfigurationIsVisible = 0;
			defaultConfigurationName = Release;
		};
/* End XCConfigurationList section */
	};
	rootObject = 646CD20D1D5B4FC300EE8358 /* Project object */;
}
